
Microsoft Visual Studio Solution File, Format Version 12.00
# Visual Studio Version 16
VisualStudioVersion = 16.0.30717.126
MinimumVisualStudioVersion = 10.0.40219.1
Project("{FAE04EC0-301F-11D3-BF4B-00C04F79EFBC}") = "1-100 arası 4e bölünen sayilar", "1-100 arası 4e bölünen sayilar\1-100 arası 4e bölünen sayilar.csproj", "{22F9C021-ABC6-40D4-8882-D1F8C067BBC8}"
EndProject
Global
	GlobalSection(SolutionConfigurationPlatforms) = preSolution
		Debug|Any CPU = Debug|Any CPU
		Release|Any CPU = Release|Any CPU
	EndGlobalSection
	GlobalSection(ProjectConfigurationPlatforms) = postSolution
		{22F9C021-ABC6-40D4-8882-D1F8C067BBC8}.Debug|Any CPU.ActiveCfg = Debug|Any CPU
		{22F9C021-ABC6-40D4-8882-D1F8C067BBC8}.Debug|Any CPU.Build.0 = Debug|Any CPU
		{22F9C021-ABC6-40D4-8882-D1F8C067BBC8}.Release|Any CPU.ActiveCfg = Release|Any CPU
		{22F9C021-ABC6-40D4-8882-D1F8C067BBC8}.Release|Any CPU.Build.0 = Release|Any CPU
	EndGlobalSection
	GlobalSection(SolutionProperties) = preSolution
		HideSolutionNode = FALSE
	EndGlobalSection
	GlobalSection(ExtensibilityGlobals) = postSolution
		SolutionGuid = {9F54B02D-869A-40C5-B864-B49B445E15DF}
	EndGlobalSection
EndGlobal
