
Microsoft Visual Studio Solution File, Format Version 12.00
# Visual Studio Version 16
VisualStudioVersion = 16.0.30717.126
MinimumVisualStudioVersion = 10.0.40219.1
Project("{FAE04EC0-301F-11D3-BF4B-00C04F79EFBC}") = "Not_Takip", "Not_Takip\Not_Takip.csproj", "{5E44416B-5672-4568-B35B-DB4726D63DC5}"
EndProject
Global
	GlobalSection(SolutionConfigurationPlatforms) = preSolution
		Debug|Any CPU = Debug|Any CPU
		Release|Any CPU = Release|Any CPU
	EndGlobalSection
	GlobalSection(ProjectConfigurationPlatforms) = postSolution
		{5E44416B-5672-4568-B35B-DB4726D63DC5}.Debug|Any CPU.ActiveCfg = Debug|Any CPU
		{5E44416B-5672-4568-B35B-DB4726D63DC5}.Debug|Any CPU.Build.0 = Debug|Any CPU
		{5E44416B-5672-4568-B35B-DB4726D63DC5}.Release|Any CPU.ActiveCfg = Release|Any CPU
		{5E44416B-5672-4568-B35B-DB4726D63DC5}.Release|Any CPU.Build.0 = Release|Any CPU
	EndGlobalSection
	GlobalSection(SolutionProperties) = preSolution
		HideSolutionNode = FALSE
	EndGlobalSection
	GlobalSection(ExtensibilityGlobals) = postSolution
		SolutionGuid = {4EB146AF-551F-4543-AB2A-1845DD800C40}
	EndGlobalSection
EndGlobal
