
Microsoft Visual Studio Solution File, Format Version 12.00
# Visual Studio Version 16
VisualStudioVersion = 16.0.30717.126
MinimumVisualStudioVersion = 10.0.40219.1
Project("{FAE04EC0-301F-11D3-BF4B-00C04F79EFBC}") = "Faktoriyel Hesaplama", "Faktoriyel Hesaplama\Faktoriyel Hesaplama.csproj", "{10A4C26A-5F1C-4300-B8AE-48E8087C4DEB}"
EndProject
Global
	GlobalSection(SolutionConfigurationPlatforms) = preSolution
		Debug|Any CPU = Debug|Any CPU
		Release|Any CPU = Release|Any CPU
	EndGlobalSection
	GlobalSection(ProjectConfigurationPlatforms) = postSolution
		{10A4C26A-5F1C-4300-B8AE-48E8087C4DEB}.Debug|Any CPU.ActiveCfg = Debug|Any CPU
		{10A4C26A-5F1C-4300-B8AE-48E8087C4DEB}.Debug|Any CPU.Build.0 = Debug|Any CPU
		{10A4C26A-5F1C-4300-B8AE-48E8087C4DEB}.Release|Any CPU.ActiveCfg = Release|Any CPU
		{10A4C26A-5F1C-4300-B8AE-48E8087C4DEB}.Release|Any CPU.Build.0 = Release|Any CPU
	EndGlobalSection
	GlobalSection(SolutionProperties) = preSolution
		HideSolutionNode = FALSE
	EndGlobalSection
	GlobalSection(ExtensibilityGlobals) = postSolution
		SolutionGuid = {A81E0A92-61CF-470F-974E-229EC5C7799E}
	EndGlobalSection
EndGlobal
