
Microsoft Visual Studio Solution File, Format Version 12.00
# Visual Studio Version 16
VisualStudioVersion = 16.0.30717.126
MinimumVisualStudioVersion = 10.0.40219.1
Project("{FAE04EC0-301F-11D3-BF4B-00C04F79EFBC}") = "Veri Listeleme", "Veri Listeleme\Veri Listeleme.csproj", "{68603628-3E04-4E80-A08B-655A6AC595AE}"
EndProject
Global
	GlobalSection(SolutionConfigurationPlatforms) = preSolution
		Debug|Any CPU = Debug|Any CPU
		Release|Any CPU = Release|Any CPU
	EndGlobalSection
	GlobalSection(ProjectConfigurationPlatforms) = postSolution
		{68603628-3E04-4E80-A08B-655A6AC595AE}.Debug|Any CPU.ActiveCfg = Debug|Any CPU
		{68603628-3E04-4E80-A08B-655A6AC595AE}.Debug|Any CPU.Build.0 = Debug|Any CPU
		{68603628-3E04-4E80-A08B-655A6AC595AE}.Release|Any CPU.ActiveCfg = Release|Any CPU
		{68603628-3E04-4E80-A08B-655A6AC595AE}.Release|Any CPU.Build.0 = Release|Any CPU
	EndGlobalSection
	GlobalSection(SolutionProperties) = preSolution
		HideSolutionNode = FALSE
	EndGlobalSection
	GlobalSection(ExtensibilityGlobals) = postSolution
		SolutionGuid = {AA923BB4-33A1-4DE4-9C54-5041CC655AEF}
	EndGlobalSection
EndGlobal
